// !$*UTF8*$!
{
	archiveVersion = 1;
	classes = {
	};
	objectVersion = 56;
	objects = {

/* Begin PBXBuildFile section */
		6E1751EE29C630E1009F26D3 /* Storage.h in Headers */ = {isa = PBXBuildFile; fileRef = 6E1751ED29C630E1009F26D3 /* Storage.h */; settings = {ATTRIBUTES = (Public, ); }; };
		6E1751F829C63115009F26D3 /* SQLite in Frameworks */ = {isa = PBXBuildFile; productRef = 6E1751F729C63115009F26D3 /* SQLite */; };
		6E1751FA29C63132009F26D3 /* SQLiteStorage.swift in Sources */ = {isa = PBXBuildFile; fileRef = 6E1751F929C63132009F26D3 /* SQLiteStorage.swift */; };
		6E1751FC29C63235009F26D3 /* Storage.swift in Sources */ = {isa = PBXBuildFile; fileRef = 6E1751FB29C63235009F26D3 /* Storage.swift */; };
		6E1751FE29C632E3009F26D3 /* StorageError.swift in Sources */ = {isa = PBXBuildFile; fileRef = 6E1751FD29C632E3009F26D3 /* StorageError.swift */; };
		6E1751FF29C63C0A009F26D3 /* Storage.framework in Frameworks */ = {isa = PBXBuildFile; fileRef = 6E1751EB29C630E1009F26D3 /* Storage.framework */; };
		6E17520229C641D3009F26D3 /* Storage.framework in Embed Frameworks */ = {isa = PBXBuildFile; fileRef = 6E1751EB29C630E1009F26D3 /* Storage.framework */; settings = {ATTRIBUTES = (RemoveHeadersOnCopy, ); }; };
		6E17520629C64793009F26D3 /* CartViewController.swift in Sources */ = {isa = PBXBuildFile; fileRef = 6E17520529C64793009F26D3 /* CartViewController.swift */; };
		6E17520829C64799009F26D3 /* CartView.swift in Sources */ = {isa = PBXBuildFile; fileRef = 6E17520729C64799009F26D3 /* CartView.swift */; };
		6E17520A29C647A4009F26D3 /* CartViewModel.swift in Sources */ = {isa = PBXBuildFile; fileRef = 6E17520929C647A4009F26D3 /* CartViewModel.swift */; };
		6E17520C29C67188009F26D3 /* UITableViewCell+identifier.swift in Sources */ = {isa = PBXBuildFile; fileRef = 6E17520B29C67188009F26D3 /* UITableViewCell+identifier.swift */; };
		6E17520E29C67295009F26D3 /* ComicCollectionViewFlowLayout.swift in Sources */ = {isa = PBXBuildFile; fileRef = 6E17520D29C67295009F26D3 /* ComicCollectionViewFlowLayout.swift */; };
		6E17521029C67324009F26D3 /* ComicCollectionViewDataSource.swift in Sources */ = {isa = PBXBuildFile; fileRef = 6E17520F29C67324009F26D3 /* ComicCollectionViewDataSource.swift */; };
		6E17521229C67BCE009F26D3 /* ComicCollectionView.swift in Sources */ = {isa = PBXBuildFile; fileRef = 6E17521129C67BCE009F26D3 /* ComicCollectionView.swift */; };
		6E17521D29C685D7009F26D3 /* NoResultsView.swift in Sources */ = {isa = PBXBuildFile; fileRef = 6E17521C29C685D7009F26D3 /* NoResultsView.swift */; };
		6E17521F29C685EE009F26D3 /* NoResultsViewModel.swift in Sources */ = {isa = PBXBuildFile; fileRef = 6E17521E29C685EE009F26D3 /* NoResultsViewModel.swift */; };
		6E17522129C68605009F26D3 /* NoResultsType.swift in Sources */ = {isa = PBXBuildFile; fileRef = 6E17522029C68605009F26D3 /* NoResultsType.swift */; };
		6E17522329C68C6E009F26D3 /* CartRouterProtocol.swift in Sources */ = {isa = PBXBuildFile; fileRef = 6E17522229C68C6E009F26D3 /* CartRouterProtocol.swift */; };
		6E2E6CA429C383E300ABFB8B /* AppDelegate.swift in Sources */ = {isa = PBXBuildFile; fileRef = 6E2E6CA329C383E300ABFB8B /* AppDelegate.swift */; };
		6E2E6CA629C383E300ABFB8B /* SceneDelegate.swift in Sources */ = {isa = PBXBuildFile; fileRef = 6E2E6CA529C383E300ABFB8B /* SceneDelegate.swift */; };
		6E2E6CAD29C383E400ABFB8B /* Assets.xcassets in Resources */ = {isa = PBXBuildFile; fileRef = 6E2E6CAC29C383E400ABFB8B /* Assets.xcassets */; };
		6E2E6CB029C383E400ABFB8B /* LaunchScreen.storyboard in Resources */ = {isa = PBXBuildFile; fileRef = 6E2E6CAE29C383E400ABFB8B /* LaunchScreen.storyboard */; };
		6E2E6CBE29C390BC00ABFB8B /* Networking in Frameworks */ = {isa = PBXBuildFile; productRef = 6E2E6CBD29C390BC00ABFB8B /* Networking */; };
		6E2E6CC329C393C300ABFB8B /* ComicListViewController.swift in Sources */ = {isa = PBXBuildFile; fileRef = 6E2E6CC229C393C300ABFB8B /* ComicListViewController.swift */; };
		6E2E6CC529C393CA00ABFB8B /* ComicListView.swift in Sources */ = {isa = PBXBuildFile; fileRef = 6E2E6CC429C393CA00ABFB8B /* ComicListView.swift */; };
		6E2E6CCB29C394C000ABFB8B /* ComicEndpoint.swift in Sources */ = {isa = PBXBuildFile; fileRef = 6E2E6CCA29C394C000ABFB8B /* ComicEndpoint.swift */; };
		6E2E6CCD29C39D3F00ABFB8B /* ViewCodable.swift in Sources */ = {isa = PBXBuildFile; fileRef = 6E2E6CCC29C39D3F00ABFB8B /* ViewCodable.swift */; };
		6E2E6CD429C3AE5E00ABFB8B /* md5.swift in Sources */ = {isa = PBXBuildFile; fileRef = 6E2E6CD329C3AE5E00ABFB8B /* md5.swift */; };
		6E2E6CD729C3AFD900ABFB8B /* TabBarPage.swift in Sources */ = {isa = PBXBuildFile; fileRef = 6E2E6CD629C3AFD900ABFB8B /* TabBarPage.swift */; };
		6E2E6CD929C3B02700ABFB8B /* TabBarController.swift in Sources */ = {isa = PBXBuildFile; fileRef = 6E2E6CD829C3B02700ABFB8B /* TabBarController.swift */; };
		6E2E6CE029C3B3F600ABFB8B /* ComicListViewModel.swift in Sources */ = {isa = PBXBuildFile; fileRef = 6E2E6CDF29C3B3F600ABFB8B /* ComicListViewModel.swift */; };
		6E2E6CE229C3B62400ABFB8B /* UIView+addSubviews.swift in Sources */ = {isa = PBXBuildFile; fileRef = 6E2E6CE129C3B62400ABFB8B /* UIView+addSubviews.swift */; };
		6E2E6CE629C3B7CF00ABFB8B /* ComicCollectionViewCell.swift in Sources */ = {isa = PBXBuildFile; fileRef = 6E2E6CE529C3B7CF00ABFB8B /* ComicCollectionViewCell.swift */; };
		6E3769E329C45FAD0072B818 /* Service in Frameworks */ = {isa = PBXBuildFile; productRef = 6E3769E229C45FAD0072B818 /* Service */; };
		6E3769E529C463D70072B818 /* ComicCollectionViewCellViewModel.swift in Sources */ = {isa = PBXBuildFile; fileRef = 6E3769E429C463D70072B818 /* ComicCollectionViewCellViewModel.swift */; };
		6E3769E729C4694E0072B818 /* Comic.swift in Sources */ = {isa = PBXBuildFile; fileRef = 6E3769E629C4694E0072B818 /* Comic.swift */; };
		6E3769E929C4697D0072B818 /* Image.swift in Sources */ = {isa = PBXBuildFile; fileRef = 6E3769E829C4697D0072B818 /* Image.swift */; };
		6E3769EF29C46D6C0072B818 /* ComicProvider.swift in Sources */ = {isa = PBXBuildFile; fileRef = 6E3769EE29C46D6C0072B818 /* ComicProvider.swift */; };
		6E3769F129C470AE0072B818 /* ComicResponse.swift in Sources */ = {isa = PBXBuildFile; fileRef = 6E3769F029C470AE0072B818 /* ComicResponse.swift */; };
		6E3769F329C4799C0072B818 /* FooterLoadingCollectionView.swift in Sources */ = {isa = PBXBuildFile; fileRef = 6E3769F229C4799C0072B818 /* FooterLoadingCollectionView.swift */; };
		6E3769F529C479BB0072B818 /* UICollectionReusableView+identifier.swift in Sources */ = {isa = PBXBuildFile; fileRef = 6E3769F429C479BB0072B818 /* UICollectionReusableView+identifier.swift */; };
		6E3769F829C49B980072B818 /* ImageLoaderProtocol.swift in Sources */ = {isa = PBXBuildFile; fileRef = 6E3769F729C49B980072B818 /* ImageLoaderProtocol.swift */; };
		6E3769FB29C49C0C0072B818 /* ImageLoader.swift in Sources */ = {isa = PBXBuildFile; fileRef = 6E3769FA29C49C0C0072B818 /* ImageLoader.swift */; };
		6E376A0129C4A2EC0072B818 /* ComicDetailViewController.swift in Sources */ = {isa = PBXBuildFile; fileRef = 6E376A0029C4A2EC0072B818 /* ComicDetailViewController.swift */; };
		6E376A0329C4A2F40072B818 /* ComicDetailView.swift in Sources */ = {isa = PBXBuildFile; fileRef = 6E376A0229C4A2F40072B818 /* ComicDetailView.swift */; };
		6E376A0529C4A5450072B818 /* ComicDetailViewModel.swift in Sources */ = {isa = PBXBuildFile; fileRef = 6E376A0429C4A5450072B818 /* ComicDetailViewModel.swift */; };
		6E376A0729C4A6F10072B818 /* Price.swift in Sources */ = {isa = PBXBuildFile; fileRef = 6E376A0629C4A6F10072B818 /* Price.swift */; };
		6E376A0C29C4AE740072B818 /* AppRouter.swift in Sources */ = {isa = PBXBuildFile; fileRef = 6E376A0B29C4AE740072B818 /* AppRouter.swift */; };
		6E376A0E29C4E50B0072B818 /* AppRouterProtocol.swift in Sources */ = {isa = PBXBuildFile; fileRef = 6E376A0D29C4E50B0072B818 /* AppRouterProtocol.swift */; };
		6E376A1029C4E5180072B818 /* ComicListRouterProtocol.swift in Sources */ = {isa = PBXBuildFile; fileRef = 6E376A0F29C4E5180072B818 /* ComicListRouterProtocol.swift */; };
		6E376A1329C4F43D0072B818 /* SearchViewController.swift in Sources */ = {isa = PBXBuildFile; fileRef = 6E376A1229C4F43D0072B818 /* SearchViewController.swift */; };
		6E376A1529C4F4450072B818 /* SearchView.swift in Sources */ = {isa = PBXBuildFile; fileRef = 6E376A1429C4F4450072B818 /* SearchView.swift */; };
		6E376A1729C4F4C80072B818 /* SearchViewModel.swift in Sources */ = {isa = PBXBuildFile; fileRef = 6E376A1629C4F4C80072B818 /* SearchViewModel.swift */; };
		6EB14DE029C729EF00FB42D7 /* FavoritesView.swift in Sources */ = {isa = PBXBuildFile; fileRef = 6EB14DDF29C729EF00FB42D7 /* FavoritesView.swift */; };
		6EB14DE229C729F500FB42D7 /* FavoritesViewController.swift in Sources */ = {isa = PBXBuildFile; fileRef = 6EB14DE129C729F500FB42D7 /* FavoritesViewController.swift */; };
		6EB14DE429C729FA00FB42D7 /* FavoritesViewModel.swift in Sources */ = {isa = PBXBuildFile; fileRef = 6EB14DE329C729FA00FB42D7 /* FavoritesViewModel.swift */; };
		6EB14DED29C7330900FB42D7 /* FavoritesRouterProtocol.swift in Sources */ = {isa = PBXBuildFile; fileRef = 6EB14DEC29C7330900FB42D7 /* FavoritesRouterProtocol.swift */; };
		6EB14DF829C73EA600FB42D7 /* ResultsView.swift in Sources */ = {isa = PBXBuildFile; fileRef = 6EB14DF729C73EA600FB42D7 /* ResultsView.swift */; };
		6EB14DFA29C73F1400FB42D7 /* ResultsViewModel.swift in Sources */ = {isa = PBXBuildFile; fileRef = 6EB14DF929C73F1400FB42D7 /* ResultsViewModel.swift */; };
		6EB14DFE29C7466100FB42D7 /* ComicDetailRouterProtocol.swift in Sources */ = {isa = PBXBuildFile; fileRef = 6EB14DFD29C7466100FB42D7 /* ComicDetailRouterProtocol.swift */; };
/* End PBXBuildFile section */

/* Begin PBXContainerItemProxy section */
		6E1751EF29C630E1009F26D3 /* PBXContainerItemProxy */ = {
			isa = PBXContainerItemProxy;
			containerPortal = 6E2E6C9829C383E300ABFB8B /* Project object */;
			proxyType = 1;
			remoteGlobalIDString = 6E1751EA29C630E1009F26D3;
			remoteInfo = Storage;
		};
		6E17520029C63C0A009F26D3 /* PBXContainerItemProxy */ = {
			isa = PBXContainerItemProxy;
			containerPortal = 6E2E6C9829C383E300ABFB8B /* Project object */;
			proxyType = 1;
			remoteGlobalIDString = 6E1751EA29C630E1009F26D3;
			remoteInfo = Storage;
		};
/* End PBXContainerItemProxy section */

/* Begin PBXCopyFilesBuildPhase section */
		6E17520329C641D3009F26D3 /* Embed Frameworks */ = {
			isa = PBXCopyFilesBuildPhase;
			buildActionMask = 2147483647;
			dstPath = "";
			dstSubfolderSpec = 10;
			files = (
				6E17520229C641D3009F26D3 /* Storage.framework in Embed Frameworks */,
			);
			name = "Embed Frameworks";
			runOnlyForDeploymentPostprocessing = 0;
		};
/* End PBXCopyFilesBuildPhase section */

/* Begin PBXFileReference section */
		6E1751EB29C630E1009F26D3 /* Storage.framework */ = {isa = PBXFileReference; explicitFileType = wrapper.framework; includeInIndex = 0; path = Storage.framework; sourceTree = BUILT_PRODUCTS_DIR; };
		6E1751ED29C630E1009F26D3 /* Storage.h */ = {isa = PBXFileReference; lastKnownFileType = sourcecode.c.h; path = Storage.h; sourceTree = "<group>"; };
		6E1751F929C63132009F26D3 /* SQLiteStorage.swift */ = {isa = PBXFileReference; lastKnownFileType = sourcecode.swift; path = SQLiteStorage.swift; sourceTree = "<group>"; };
		6E1751FB29C63235009F26D3 /* Storage.swift */ = {isa = PBXFileReference; lastKnownFileType = sourcecode.swift; path = Storage.swift; sourceTree = "<group>"; };
		6E1751FD29C632E3009F26D3 /* StorageError.swift */ = {isa = PBXFileReference; lastKnownFileType = sourcecode.swift; path = StorageError.swift; sourceTree = "<group>"; };
		6E17520529C64793009F26D3 /* CartViewController.swift */ = {isa = PBXFileReference; lastKnownFileType = sourcecode.swift; path = CartViewController.swift; sourceTree = "<group>"; };
		6E17520729C64799009F26D3 /* CartView.swift */ = {isa = PBXFileReference; lastKnownFileType = sourcecode.swift; path = CartView.swift; sourceTree = "<group>"; };
		6E17520929C647A4009F26D3 /* CartViewModel.swift */ = {isa = PBXFileReference; lastKnownFileType = sourcecode.swift; path = CartViewModel.swift; sourceTree = "<group>"; };
		6E17520B29C67188009F26D3 /* UITableViewCell+identifier.swift */ = {isa = PBXFileReference; lastKnownFileType = sourcecode.swift; path = "UITableViewCell+identifier.swift"; sourceTree = "<group>"; };
		6E17520D29C67295009F26D3 /* ComicCollectionViewFlowLayout.swift */ = {isa = PBXFileReference; lastKnownFileType = sourcecode.swift; path = ComicCollectionViewFlowLayout.swift; sourceTree = "<group>"; };
		6E17520F29C67324009F26D3 /* ComicCollectionViewDataSource.swift */ = {isa = PBXFileReference; lastKnownFileType = sourcecode.swift; path = ComicCollectionViewDataSource.swift; sourceTree = "<group>"; };
		6E17521129C67BCE009F26D3 /* ComicCollectionView.swift */ = {isa = PBXFileReference; lastKnownFileType = sourcecode.swift; path = ComicCollectionView.swift; sourceTree = "<group>"; };
		6E17521C29C685D7009F26D3 /* NoResultsView.swift */ = {isa = PBXFileReference; lastKnownFileType = sourcecode.swift; path = NoResultsView.swift; sourceTree = "<group>"; };
		6E17521E29C685EE009F26D3 /* NoResultsViewModel.swift */ = {isa = PBXFileReference; lastKnownFileType = sourcecode.swift; path = NoResultsViewModel.swift; sourceTree = "<group>"; };
		6E17522029C68605009F26D3 /* NoResultsType.swift */ = {isa = PBXFileReference; lastKnownFileType = sourcecode.swift; path = NoResultsType.swift; sourceTree = "<group>"; };
		6E17522229C68C6E009F26D3 /* CartRouterProtocol.swift */ = {isa = PBXFileReference; lastKnownFileType = sourcecode.swift; path = CartRouterProtocol.swift; sourceTree = "<group>"; };
		6E2E6CA029C383E300ABFB8B /* MarvelApp.app */ = {isa = PBXFileReference; explicitFileType = wrapper.application; includeInIndex = 0; path = MarvelApp.app; sourceTree = BUILT_PRODUCTS_DIR; };
		6E2E6CA329C383E300ABFB8B /* AppDelegate.swift */ = {isa = PBXFileReference; lastKnownFileType = sourcecode.swift; path = AppDelegate.swift; sourceTree = "<group>"; };
		6E2E6CA529C383E300ABFB8B /* SceneDelegate.swift */ = {isa = PBXFileReference; lastKnownFileType = sourcecode.swift; path = SceneDelegate.swift; sourceTree = "<group>"; };
		6E2E6CAC29C383E400ABFB8B /* Assets.xcassets */ = {isa = PBXFileReference; lastKnownFileType = folder.assetcatalog; path = Assets.xcassets; sourceTree = "<group>"; };
		6E2E6CAF29C383E400ABFB8B /* Base */ = {isa = PBXFileReference; lastKnownFileType = file.storyboard; name = Base; path = Base.lproj/LaunchScreen.storyboard; sourceTree = "<group>"; };
		6E2E6CB129C383E400ABFB8B /* Info.plist */ = {isa = PBXFileReference; lastKnownFileType = text.plist.xml; path = Info.plist; sourceTree = "<group>"; };
		6E2E6CB829C3889200ABFB8B /* Networking */ = {isa = PBXFileReference; lastKnownFileType = wrapper; path = Networking; sourceTree = "<group>"; };
		6E2E6CC229C393C300ABFB8B /* ComicListViewController.swift */ = {isa = PBXFileReference; lastKnownFileType = sourcecode.swift; path = ComicListViewController.swift; sourceTree = "<group>"; };
		6E2E6CC429C393CA00ABFB8B /* ComicListView.swift */ = {isa = PBXFileReference; lastKnownFileType = sourcecode.swift; path = ComicListView.swift; sourceTree = "<group>"; };
		6E2E6CCA29C394C000ABFB8B /* ComicEndpoint.swift */ = {isa = PBXFileReference; lastKnownFileType = sourcecode.swift; path = ComicEndpoint.swift; sourceTree = "<group>"; };
		6E2E6CCC29C39D3F00ABFB8B /* ViewCodable.swift */ = {isa = PBXFileReference; lastKnownFileType = sourcecode.swift; path = ViewCodable.swift; sourceTree = "<group>"; };
		6E2E6CD329C3AE5E00ABFB8B /* md5.swift */ = {isa = PBXFileReference; lastKnownFileType = sourcecode.swift; path = md5.swift; sourceTree = "<group>"; };
		6E2E6CD629C3AFD900ABFB8B /* TabBarPage.swift */ = {isa = PBXFileReference; lastKnownFileType = sourcecode.swift; path = TabBarPage.swift; sourceTree = "<group>"; };
		6E2E6CD829C3B02700ABFB8B /* TabBarController.swift */ = {isa = PBXFileReference; lastKnownFileType = sourcecode.swift; path = TabBarController.swift; sourceTree = "<group>"; };
		6E2E6CDF29C3B3F600ABFB8B /* ComicListViewModel.swift */ = {isa = PBXFileReference; lastKnownFileType = sourcecode.swift; path = ComicListViewModel.swift; sourceTree = "<group>"; };
		6E2E6CE129C3B62400ABFB8B /* UIView+addSubviews.swift */ = {isa = PBXFileReference; lastKnownFileType = sourcecode.swift; path = "UIView+addSubviews.swift"; sourceTree = "<group>"; };
		6E2E6CE529C3B7CF00ABFB8B /* ComicCollectionViewCell.swift */ = {isa = PBXFileReference; lastKnownFileType = sourcecode.swift; path = ComicCollectionViewCell.swift; sourceTree = "<group>"; };
		6E3769E129C45F170072B818 /* Service */ = {isa = PBXFileReference; lastKnownFileType = wrapper; path = Service; sourceTree = "<group>"; };
		6E3769E429C463D70072B818 /* ComicCollectionViewCellViewModel.swift */ = {isa = PBXFileReference; lastKnownFileType = sourcecode.swift; path = ComicCollectionViewCellViewModel.swift; sourceTree = "<group>"; };
		6E3769E629C4694E0072B818 /* Comic.swift */ = {isa = PBXFileReference; lastKnownFileType = sourcecode.swift; path = Comic.swift; sourceTree = "<group>"; };
		6E3769E829C4697D0072B818 /* Image.swift */ = {isa = PBXFileReference; lastKnownFileType = sourcecode.swift; path = Image.swift; sourceTree = "<group>"; };
		6E3769EE29C46D6C0072B818 /* ComicProvider.swift */ = {isa = PBXFileReference; lastKnownFileType = sourcecode.swift; path = ComicProvider.swift; sourceTree = "<group>"; };
		6E3769F029C470AE0072B818 /* ComicResponse.swift */ = {isa = PBXFileReference; lastKnownFileType = sourcecode.swift; path = ComicResponse.swift; sourceTree = "<group>"; };
		6E3769F229C4799C0072B818 /* FooterLoadingCollectionView.swift */ = {isa = PBXFileReference; lastKnownFileType = sourcecode.swift; path = FooterLoadingCollectionView.swift; sourceTree = "<group>"; };
		6E3769F429C479BB0072B818 /* UICollectionReusableView+identifier.swift */ = {isa = PBXFileReference; lastKnownFileType = sourcecode.swift; path = "UICollectionReusableView+identifier.swift"; sourceTree = "<group>"; };
		6E3769F729C49B980072B818 /* ImageLoaderProtocol.swift */ = {isa = PBXFileReference; lastKnownFileType = sourcecode.swift; path = ImageLoaderProtocol.swift; sourceTree = "<group>"; };
		6E3769FA29C49C0C0072B818 /* ImageLoader.swift */ = {isa = PBXFileReference; lastKnownFileType = sourcecode.swift; path = ImageLoader.swift; sourceTree = "<group>"; };
		6E376A0029C4A2EC0072B818 /* ComicDetailViewController.swift */ = {isa = PBXFileReference; lastKnownFileType = sourcecode.swift; path = ComicDetailViewController.swift; sourceTree = "<group>"; };
		6E376A0229C4A2F40072B818 /* ComicDetailView.swift */ = {isa = PBXFileReference; lastKnownFileType = sourcecode.swift; path = ComicDetailView.swift; sourceTree = "<group>"; };
		6E376A0429C4A5450072B818 /* ComicDetailViewModel.swift */ = {isa = PBXFileReference; lastKnownFileType = sourcecode.swift; path = ComicDetailViewModel.swift; sourceTree = "<group>"; };
		6E376A0629C4A6F10072B818 /* Price.swift */ = {isa = PBXFileReference; lastKnownFileType = sourcecode.swift; path = Price.swift; sourceTree = "<group>"; };
		6E376A0B29C4AE740072B818 /* AppRouter.swift */ = {isa = PBXFileReference; lastKnownFileType = sourcecode.swift; path = AppRouter.swift; sourceTree = "<group>"; };
		6E376A0D29C4E50B0072B818 /* AppRouterProtocol.swift */ = {isa = PBXFileReference; lastKnownFileType = sourcecode.swift; path = AppRouterProtocol.swift; sourceTree = "<group>"; };
		6E376A0F29C4E5180072B818 /* ComicListRouterProtocol.swift */ = {isa = PBXFileReference; lastKnownFileType = sourcecode.swift; path = ComicListRouterProtocol.swift; sourceTree = "<group>"; };
		6E376A1229C4F43D0072B818 /* SearchViewController.swift */ = {isa = PBXFileReference; lastKnownFileType = sourcecode.swift; path = SearchViewController.swift; sourceTree = "<group>"; };
		6E376A1429C4F4450072B818 /* SearchView.swift */ = {isa = PBXFileReference; lastKnownFileType = sourcecode.swift; path = SearchView.swift; sourceTree = "<group>"; };
		6E376A1629C4F4C80072B818 /* SearchViewModel.swift */ = {isa = PBXFileReference; lastKnownFileType = sourcecode.swift; path = SearchViewModel.swift; sourceTree = "<group>"; };
		6EB14DDF29C729EF00FB42D7 /* FavoritesView.swift */ = {isa = PBXFileReference; lastKnownFileType = sourcecode.swift; path = FavoritesView.swift; sourceTree = "<group>"; };
		6EB14DE129C729F500FB42D7 /* FavoritesViewController.swift */ = {isa = PBXFileReference; lastKnownFileType = sourcecode.swift; path = FavoritesViewController.swift; sourceTree = "<group>"; };
		6EB14DE329C729FA00FB42D7 /* FavoritesViewModel.swift */ = {isa = PBXFileReference; lastKnownFileType = sourcecode.swift; path = FavoritesViewModel.swift; sourceTree = "<group>"; };
		6EB14DEC29C7330900FB42D7 /* FavoritesRouterProtocol.swift */ = {isa = PBXFileReference; lastKnownFileType = sourcecode.swift; path = FavoritesRouterProtocol.swift; sourceTree = "<group>"; };
		6EB14DF729C73EA600FB42D7 /* ResultsView.swift */ = {isa = PBXFileReference; lastKnownFileType = sourcecode.swift; path = ResultsView.swift; sourceTree = "<group>"; };
		6EB14DF929C73F1400FB42D7 /* ResultsViewModel.swift */ = {isa = PBXFileReference; lastKnownFileType = sourcecode.swift; path = ResultsViewModel.swift; sourceTree = "<group>"; };
		6EB14DFD29C7466100FB42D7 /* ComicDetailRouterProtocol.swift */ = {isa = PBXFileReference; lastKnownFileType = sourcecode.swift; path = ComicDetailRouterProtocol.swift; sourceTree = "<group>"; };
/* End PBXFileReference section */

/* Begin PBXFrameworksBuildPhase section */
		6E1751E829C630E1009F26D3 /* Frameworks */ = {
			isa = PBXFrameworksBuildPhase;
			buildActionMask = 2147483647;
			files = (
				6E1751F829C63115009F26D3 /* SQLite in Frameworks */,
			);
			runOnlyForDeploymentPostprocessing = 0;
		};
		6E2E6C9D29C383E300ABFB8B /* Frameworks */ = {
			isa = PBXFrameworksBuildPhase;
			buildActionMask = 2147483647;
			files = (
				6E3769E329C45FAD0072B818 /* Service in Frameworks */,
				6E2E6CBE29C390BC00ABFB8B /* Networking in Frameworks */,
				6E1751FF29C63C0A009F26D3 /* Storage.framework in Frameworks */,
			);
			runOnlyForDeploymentPostprocessing = 0;
		};
/* End PBXFrameworksBuildPhase section */

/* Begin PBXGroup section */
		6E1751EC29C630E1009F26D3 /* Storage */ = {
			isa = PBXGroup;
			children = (
				6E1751ED29C630E1009F26D3 /* Storage.h */,
				6E1751F929C63132009F26D3 /* SQLiteStorage.swift */,
				6E1751FB29C63235009F26D3 /* Storage.swift */,
				6E1751FD29C632E3009F26D3 /* StorageError.swift */,
			);
			path = Storage;
			sourceTree = "<group>";
		};
		6E17520429C64787009F26D3 /* Cart */ = {
			isa = PBXGroup;
			children = (
				6E17520529C64793009F26D3 /* CartViewController.swift */,
				6E17520729C64799009F26D3 /* CartView.swift */,
				6E17520929C647A4009F26D3 /* CartViewModel.swift */,
			);
			path = Cart;
			sourceTree = "<group>";
		};
		6E17521329C67C93009F26D3 /* CommonViews */ = {
			isa = PBXGroup;
			children = (
				6EB14DF629C73E6D00FB42D7 /* ResultsView */,
				6E17521429C67CB5009F26D3 /* ComicCollectionView */,
				6E17521B29C685CB009F26D3 /* NoResults */,
			);
			path = CommonViews;
			sourceTree = "<group>";
		};
		6E17521429C67CB5009F26D3 /* ComicCollectionView */ = {
			isa = PBXGroup;
			children = (
				6E17520F29C67324009F26D3 /* ComicCollectionViewDataSource.swift */,
				6E17520D29C67295009F26D3 /* ComicCollectionViewFlowLayout.swift */,
				6E17521129C67BCE009F26D3 /* ComicCollectionView.swift */,
				6E3769FD29C4A2C10072B818 /* CellFooter */,
				6E3769FC29C4A2B40072B818 /* Cell */,
			);
			path = ComicCollectionView;
			sourceTree = "<group>";
		};
		6E17521B29C685CB009F26D3 /* NoResults */ = {
			isa = PBXGroup;
			children = (
				6E17521C29C685D7009F26D3 /* NoResultsView.swift */,
				6E17521E29C685EE009F26D3 /* NoResultsViewModel.swift */,
				6E17522029C68605009F26D3 /* NoResultsType.swift */,
			);
			path = NoResults;
			sourceTree = "<group>";
		};
		6E2E6C9729C383E300ABFB8B = {
			isa = PBXGroup;
			children = (
				6E3769E129C45F170072B818 /* Service */,
				6E2E6CB829C3889200ABFB8B /* Networking */,
				6E2E6CA229C383E300ABFB8B /* MarvelApp */,
				6E1751EC29C630E1009F26D3 /* Storage */,
				6E2E6CA129C383E300ABFB8B /* Products */,
				6E2E6CB929C38C1100ABFB8B /* Frameworks */,
			);
			sourceTree = "<group>";
		};
		6E2E6CA129C383E300ABFB8B /* Products */ = {
			isa = PBXGroup;
			children = (
				6E2E6CA029C383E300ABFB8B /* MarvelApp.app */,
				6E1751EB29C630E1009F26D3 /* Storage.framework */,
			);
			name = Products;
			sourceTree = "<group>";
		};
		6E2E6CA229C383E300ABFB8B /* MarvelApp */ = {
			isa = PBXGroup;
			children = (
				6E2E6CC829C3941A00ABFB8B /* Endpoints */,
				6E2E6CC929C394A900ABFB8B /* Extensions */,
				6E2E6CC629C393D000ABFB8B /* Router */,
				6E2E6CB729C387FA00ABFB8B /* Core */,
				6E2E6CC729C3941400ABFB8B /* Model */,
				6E2E6CCE29C39D8100ABFB8B /* Protocols */,
				6E2E6CD129C39DE600ABFB8B /* Screens */,
				6E3769F629C49B890072B818 /* Services */,
				6E2E6CD229C3AE4E00ABFB8B /* Util */,
			);
			path = MarvelApp;
			sourceTree = "<group>";
		};
		6E2E6CB729C387FA00ABFB8B /* Core */ = {
			isa = PBXGroup;
			children = (
				6E2E6CA329C383E300ABFB8B /* AppDelegate.swift */,
				6E2E6CA529C383E300ABFB8B /* SceneDelegate.swift */,
				6E2E6CAC29C383E400ABFB8B /* Assets.xcassets */,
				6E2E6CAE29C383E400ABFB8B /* LaunchScreen.storyboard */,
				6E2E6CB129C383E400ABFB8B /* Info.plist */,
			);
			path = Core;
			sourceTree = "<group>";
		};
		6E2E6CB929C38C1100ABFB8B /* Frameworks */ = {
			isa = PBXGroup;
			children = (
			);
			name = Frameworks;
			sourceTree = "<group>";
		};
		6E2E6CC129C3939800ABFB8B /* ComicsList */ = {
			isa = PBXGroup;
			children = (
				6E2E6CC229C393C300ABFB8B /* ComicListViewController.swift */,
				6E2E6CC429C393CA00ABFB8B /* ComicListView.swift */,
				6E2E6CDF29C3B3F600ABFB8B /* ComicListViewModel.swift */,
				6E3769FE29C4A2CB0072B818 /* Provider */,
			);
			path = ComicsList;
			sourceTree = "<group>";
		};
		6E2E6CC629C393D000ABFB8B /* Router */ = {
			isa = PBXGroup;
			children = (
				6E376A0B29C4AE740072B818 /* AppRouter.swift */,
				6E376A0D29C4E50B0072B818 /* AppRouterProtocol.swift */,
				6E376A0F29C4E5180072B818 /* ComicListRouterProtocol.swift */,
				6E17522229C68C6E009F26D3 /* CartRouterProtocol.swift */,
				6EB14DEC29C7330900FB42D7 /* FavoritesRouterProtocol.swift */,
				6EB14DFD29C7466100FB42D7 /* ComicDetailRouterProtocol.swift */,
			);
			path = Router;
			sourceTree = "<group>";
		};
		6E2E6CC729C3941400ABFB8B /* Model */ = {
			isa = PBXGroup;
			children = (
				6E3769E629C4694E0072B818 /* Comic.swift */,
				6E3769E829C4697D0072B818 /* Image.swift */,
				6E3769F029C470AE0072B818 /* ComicResponse.swift */,
				6E376A0629C4A6F10072B818 /* Price.swift */,
			);
			path = Model;
			sourceTree = "<group>";
		};
		6E2E6CC829C3941A00ABFB8B /* Endpoints */ = {
			isa = PBXGroup;
			children = (
				6E2E6CCA29C394C000ABFB8B /* ComicEndpoint.swift */,
			);
			path = Endpoints;
			sourceTree = "<group>";
		};
		6E2E6CC929C394A900ABFB8B /* Extensions */ = {
			isa = PBXGroup;
			children = (
				6E2E6CE129C3B62400ABFB8B /* UIView+addSubviews.swift */,
				6E3769F429C479BB0072B818 /* UICollectionReusableView+identifier.swift */,
				6E17520B29C67188009F26D3 /* UITableViewCell+identifier.swift */,
			);
			path = Extensions;
			sourceTree = "<group>";
		};
		6E2E6CCE29C39D8100ABFB8B /* Protocols */ = {
			isa = PBXGroup;
			children = (
				6E2E6CCC29C39D3F00ABFB8B /* ViewCodable.swift */,
			);
			path = Protocols;
			sourceTree = "<group>";
		};
		6E2E6CD129C39DE600ABFB8B /* Screens */ = {
			isa = PBXGroup;
			children = (
				6E17521329C67C93009F26D3 /* CommonViews */,
				6E17520429C64787009F26D3 /* Cart */,
				6E3769FF29C4A2DE0072B818 /* ComicDetail */,
				6E2E6CC129C3939800ABFB8B /* ComicsList */,
				6EB14DDE29C729DD00FB42D7 /* Favorites */,
				6E376A1129C4F4270072B818 /* Search */,
				6E2E6CD529C3AFBB00ABFB8B /* TabBar */,
			);
			path = Screens;
			sourceTree = "<group>";
		};
		6E2E6CD229C3AE4E00ABFB8B /* Util */ = {
			isa = PBXGroup;
			children = (
				6E2E6CD329C3AE5E00ABFB8B /* md5.swift */,
			);
			path = Util;
			sourceTree = "<group>";
		};
		6E2E6CD529C3AFBB00ABFB8B /* TabBar */ = {
			isa = PBXGroup;
			children = (
				6E2E6CD629C3AFD900ABFB8B /* TabBarPage.swift */,
				6E2E6CD829C3B02700ABFB8B /* TabBarController.swift */,
			);
			path = TabBar;
			sourceTree = "<group>";
		};
		6E3769F629C49B890072B818 /* Services */ = {
			isa = PBXGroup;
			children = (
				6E3769F929C49C000072B818 /* ImageLoader */,
			);
			path = Services;
			sourceTree = "<group>";
		};
		6E3769F929C49C000072B818 /* ImageLoader */ = {
			isa = PBXGroup;
			children = (
				6E3769F729C49B980072B818 /* ImageLoaderProtocol.swift */,
				6E3769FA29C49C0C0072B818 /* ImageLoader.swift */,
			);
			path = ImageLoader;
			sourceTree = "<group>";
		};
		6E3769FC29C4A2B40072B818 /* Cell */ = {
			isa = PBXGroup;
			children = (
				6E2E6CE529C3B7CF00ABFB8B /* ComicCollectionViewCell.swift */,
				6E3769E429C463D70072B818 /* ComicCollectionViewCellViewModel.swift */,
			);
			path = Cell;
			sourceTree = "<group>";
		};
		6E3769FD29C4A2C10072B818 /* CellFooter */ = {
			isa = PBXGroup;
			children = (
				6E3769F229C4799C0072B818 /* FooterLoadingCollectionView.swift */,
			);
			path = CellFooter;
			sourceTree = "<group>";
		};
		6E3769FE29C4A2CB0072B818 /* Provider */ = {
			isa = PBXGroup;
			children = (
				6E3769EE29C46D6C0072B818 /* ComicProvider.swift */,
			);
			path = Provider;
			sourceTree = "<group>";
		};
		6E3769FF29C4A2DE0072B818 /* ComicDetail */ = {
			isa = PBXGroup;
			children = (
				6E376A0029C4A2EC0072B818 /* ComicDetailViewController.swift */,
				6E376A0229C4A2F40072B818 /* ComicDetailView.swift */,
				6E376A0429C4A5450072B818 /* ComicDetailViewModel.swift */,
			);
			path = ComicDetail;
			sourceTree = "<group>";
		};
		6E376A1129C4F4270072B818 /* Search */ = {
			isa = PBXGroup;
			children = (
				6E376A1229C4F43D0072B818 /* SearchViewController.swift */,
				6E376A1429C4F4450072B818 /* SearchView.swift */,
				6E376A1629C4F4C80072B818 /* SearchViewModel.swift */,
			);
			path = Search;
			sourceTree = "<group>";
		};
		6EB14DDE29C729DD00FB42D7 /* Favorites */ = {
			isa = PBXGroup;
			children = (
				6EB14DDF29C729EF00FB42D7 /* FavoritesView.swift */,
				6EB14DE129C729F500FB42D7 /* FavoritesViewController.swift */,
				6EB14DE329C729FA00FB42D7 /* FavoritesViewModel.swift */,
			);
			path = Favorites;
			sourceTree = "<group>";
		};
		6EB14DF629C73E6D00FB42D7 /* ResultsView */ = {
			isa = PBXGroup;
			children = (
				6EB14DF729C73EA600FB42D7 /* ResultsView.swift */,
				6EB14DF929C73F1400FB42D7 /* ResultsViewModel.swift */,
			);
			path = ResultsView;
			sourceTree = "<group>";
		};
/* End PBXGroup section */

/* Begin PBXHeadersBuildPhase section */
		6E1751E629C630E1009F26D3 /* Headers */ = {
			isa = PBXHeadersBuildPhase;
			buildActionMask = 2147483647;
			files = (
				6E1751EE29C630E1009F26D3 /* Storage.h in Headers */,
			);
			runOnlyForDeploymentPostprocessing = 0;
		};
/* End PBXHeadersBuildPhase section */

/* Begin PBXNativeTarget section */
		6E1751EA29C630E1009F26D3 /* Storage */ = {
			isa = PBXNativeTarget;
			buildConfigurationList = 6E1751F329C630E1009F26D3 /* Build configuration list for PBXNativeTarget "Storage" */;
			buildPhases = (
				6E1751E629C630E1009F26D3 /* Headers */,
				6E1751E729C630E1009F26D3 /* Sources */,
				6E1751E829C630E1009F26D3 /* Frameworks */,
				6E1751E929C630E1009F26D3 /* Resources */,
			);
			buildRules = (
			);
			dependencies = (
			);
			name = Storage;
			packageProductDependencies = (
				6E1751F729C63115009F26D3 /* SQLite */,
			);
			productName = Storage;
			productReference = 6E1751EB29C630E1009F26D3 /* Storage.framework */;
			productType = "com.apple.product-type.framework";
		};
		6E2E6C9F29C383E300ABFB8B /* MarvelApp */ = {
			isa = PBXNativeTarget;
			buildConfigurationList = 6E2E6CB429C383E400ABFB8B /* Build configuration list for PBXNativeTarget "MarvelApp" */;
			buildPhases = (
				6E2E6C9C29C383E300ABFB8B /* Sources */,
				6E2E6C9D29C383E300ABFB8B /* Frameworks */,
				6E2E6C9E29C383E300ABFB8B /* Resources */,
				6E2E6CBC29C3908600ABFB8B /* ShellScript */,
				6E17520329C641D3009F26D3 /* Embed Frameworks */,
			);
			buildRules = (
			);
			dependencies = (
				6E1751F029C630E1009F26D3 /* PBXTargetDependency */,
				6E17520129C63C0A009F26D3 /* PBXTargetDependency */,
			);
			name = MarvelApp;
			packageProductDependencies = (
				6E2E6CBD29C390BC00ABFB8B /* Networking */,
				6E3769E229C45FAD0072B818 /* Service */,
			);
			productName = MarvelApp;
			productReference = 6E2E6CA029C383E300ABFB8B /* MarvelApp.app */;
			productType = "com.apple.product-type.application";
		};
/* End PBXNativeTarget section */

/* Begin PBXProject section */
		6E2E6C9829C383E300ABFB8B /* Project object */ = {
			isa = PBXProject;
			attributes = {
				BuildIndependentTargetsInParallel = 1;
				LastSwiftUpdateCheck = 1410;
				LastUpgradeCheck = 1410;
				TargetAttributes = {
					6E1751EA29C630E1009F26D3 = {
						CreatedOnToolsVersion = 14.1;
						LastSwiftMigration = 1410;
					};
					6E2E6C9F29C383E300ABFB8B = {
						CreatedOnToolsVersion = 14.1;
					};
				};
			};
			buildConfigurationList = 6E2E6C9B29C383E300ABFB8B /* Build configuration list for PBXProject "MarvelApp" */;
			compatibilityVersion = "Xcode 14.0";
			developmentRegion = en;
			hasScannedForEncodings = 0;
			knownRegions = (
				en,
				Base,
			);
			mainGroup = 6E2E6C9729C383E300ABFB8B;
			packageReferences = (
				6E1751F629C63115009F26D3 /* XCRemoteSwiftPackageReference "SQLite.swift" */,
			);
			productRefGroup = 6E2E6CA129C383E300ABFB8B /* Products */;
			projectDirPath = "";
			projectRoot = "";
			targets = (
				6E2E6C9F29C383E300ABFB8B /* MarvelApp */,
				6E1751EA29C630E1009F26D3 /* Storage */,
			);
		};
/* End PBXProject section */

/* Begin PBXResourcesBuildPhase section */
		6E1751E929C630E1009F26D3 /* Resources */ = {
			isa = PBXResourcesBuildPhase;
			buildActionMask = 2147483647;
			files = (
			);
			runOnlyForDeploymentPostprocessing = 0;
		};
		6E2E6C9E29C383E300ABFB8B /* Resources */ = {
			isa = PBXResourcesBuildPhase;
			buildActionMask = 2147483647;
			files = (
				6E2E6CB029C383E400ABFB8B /* LaunchScreen.storyboard in Resources */,
				6E2E6CAD29C383E400ABFB8B /* Assets.xcassets in Resources */,
			);
			runOnlyForDeploymentPostprocessing = 0;
		};
/* End PBXResourcesBuildPhase section */

/* Begin PBXShellScriptBuildPhase section */
		6E2E6CBC29C3908600ABFB8B /* ShellScript */ = {
			isa = PBXShellScriptBuildPhase;
			buildActionMask = 2147483647;
			files = (
			);
			inputFileListPaths = (
			);
			inputPaths = (
			);
			outputFileListPaths = (
			);
			outputPaths = (
			);
			runOnlyForDeploymentPostprocessing = 0;
			shellPath = /bin/sh;
			shellScript = "export PATH=\"$PATH:/opt/homebrew/bin\"\nif which swiftlint > /dev/null; then\n  swiftlint\nelse\n  echo \"warning: SwiftLint not installed, download from https://github.com/realm/SwiftLint\"\nfi\n";
		};
/* End PBXShellScriptBuildPhase section */

/* Begin PBXSourcesBuildPhase section */
		6E1751E729C630E1009F26D3 /* Sources */ = {
			isa = PBXSourcesBuildPhase;
			buildActionMask = 2147483647;
			files = (
				6E1751FA29C63132009F26D3 /* SQLiteStorage.swift in Sources */,
				6E1751FC29C63235009F26D3 /* Storage.swift in Sources */,
				6E1751FE29C632E3009F26D3 /* StorageError.swift in Sources */,
			);
			runOnlyForDeploymentPostprocessing = 0;
		};
		6E2E6C9C29C383E300ABFB8B /* Sources */ = {
			isa = PBXSourcesBuildPhase;
			buildActionMask = 2147483647;
			files = (
				6EB14DE029C729EF00FB42D7 /* FavoritesView.swift in Sources */,
				6EB14DF829C73EA600FB42D7 /* ResultsView.swift in Sources */,
				6E3769F829C49B980072B818 /* ImageLoaderProtocol.swift in Sources */,
				6EB14DFE29C7466100FB42D7 /* ComicDetailRouterProtocol.swift in Sources */,
				6E2E6CE629C3B7CF00ABFB8B /* ComicCollectionViewCell.swift in Sources */,
				6E376A0E29C4E50B0072B818 /* AppRouterProtocol.swift in Sources */,
				6E3769E929C4697D0072B818 /* Image.swift in Sources */,
				6E3769E729C4694E0072B818 /* Comic.swift in Sources */,
				6EB14DE229C729F500FB42D7 /* FavoritesViewController.swift in Sources */,
				6E376A0329C4A2F40072B818 /* ComicDetailView.swift in Sources */,
				6E17522329C68C6E009F26D3 /* CartRouterProtocol.swift in Sources */,
				6E2E6CA429C383E300ABFB8B /* AppDelegate.swift in Sources */,
				6E3769F529C479BB0072B818 /* UICollectionReusableView+identifier.swift in Sources */,
				6E2E6CC329C393C300ABFB8B /* ComicListViewController.swift in Sources */,
				6E376A0C29C4AE740072B818 /* AppRouter.swift in Sources */,
				6E376A1529C4F4450072B818 /* SearchView.swift in Sources */,
				6EB14DFA29C73F1400FB42D7 /* ResultsViewModel.swift in Sources */,
				6E376A0129C4A2EC0072B818 /* ComicDetailViewController.swift in Sources */,
				6E2E6CD429C3AE5E00ABFB8B /* md5.swift in Sources */,
				6E17521229C67BCE009F26D3 /* ComicCollectionView.swift in Sources */,
				6E17520C29C67188009F26D3 /* UITableViewCell+identifier.swift in Sources */,
				6E3769E529C463D70072B818 /* ComicCollectionViewCellViewModel.swift in Sources */,
				6E17520829C64799009F26D3 /* CartView.swift in Sources */,
				6E376A1029C4E5180072B818 /* ComicListRouterProtocol.swift in Sources */,
				6E2E6CD929C3B02700ABFB8B /* TabBarController.swift in Sources */,
				6E2E6CE029C3B3F600ABFB8B /* ComicListViewModel.swift in Sources */,
				6E17521029C67324009F26D3 /* ComicCollectionViewDataSource.swift in Sources */,
				6E17521D29C685D7009F26D3 /* NoResultsView.swift in Sources */,
				6E2E6CCB29C394C000ABFB8B /* ComicEndpoint.swift in Sources */,
				6E376A0729C4A6F10072B818 /* Price.swift in Sources */,
				6E2E6CC529C393CA00ABFB8B /* ComicListView.swift in Sources */,
				6E17520E29C67295009F26D3 /* ComicCollectionViewFlowLayout.swift in Sources */,
				6E3769EF29C46D6C0072B818 /* ComicProvider.swift in Sources */,
				6EB14DE429C729FA00FB42D7 /* FavoritesViewModel.swift in Sources */,
				6E17520A29C647A4009F26D3 /* CartViewModel.swift in Sources */,
				6E3769FB29C49C0C0072B818 /* ImageLoader.swift in Sources */,
				6E2E6CE229C3B62400ABFB8B /* UIView+addSubviews.swift in Sources */,
				6E3769F329C4799C0072B818 /* FooterLoadingCollectionView.swift in Sources */,
				6E376A1729C4F4C80072B818 /* SearchViewModel.swift in Sources */,
				6E2E6CA629C383E300ABFB8B /* SceneDelegate.swift in Sources */,
				6E2E6CD729C3AFD900ABFB8B /* TabBarPage.swift in Sources */,
				6E2E6CCD29C39D3F00ABFB8B /* ViewCodable.swift in Sources */,
				6E17521F29C685EE009F26D3 /* NoResultsViewModel.swift in Sources */,
				6E17520629C64793009F26D3 /* CartViewController.swift in Sources */,
				6E3769F129C470AE0072B818 /* ComicResponse.swift in Sources */,
				6E376A0529C4A5450072B818 /* ComicDetailViewModel.swift in Sources */,
				6E376A1329C4F43D0072B818 /* SearchViewController.swift in Sources */,
				6E17522129C68605009F26D3 /* NoResultsType.swift in Sources */,
				6EB14DED29C7330900FB42D7 /* FavoritesRouterProtocol.swift in Sources */,
			);
			runOnlyForDeploymentPostprocessing = 0;
		};
/* End PBXSourcesBuildPhase section */

/* Begin PBXTargetDependency section */
		6E1751F029C630E1009F26D3 /* PBXTargetDependency */ = {
			isa = PBXTargetDependency;
			target = 6E1751EA29C630E1009F26D3 /* Storage */;
			targetProxy = 6E1751EF29C630E1009F26D3 /* PBXContainerItemProxy */;
		};
		6E17520129C63C0A009F26D3 /* PBXTargetDependency */ = {
			isa = PBXTargetDependency;
			target = 6E1751EA29C630E1009F26D3 /* Storage */;
			targetProxy = 6E17520029C63C0A009F26D3 /* PBXContainerItemProxy */;
		};
/* End PBXTargetDependency section */

/* Begin PBXVariantGroup section */
		6E2E6CAE29C383E400ABFB8B /* LaunchScreen.storyboard */ = {
			isa = PBXVariantGroup;
			children = (
				6E2E6CAF29C383E400ABFB8B /* Base */,
			);
			name = LaunchScreen.storyboard;
			sourceTree = "<group>";
		};
/* End PBXVariantGroup section */

/* Begin XCBuildConfiguration section */
		6E1751F429C630E1009F26D3 /* Debug */ = {
			isa = XCBuildConfiguration;
			buildSettings = {
				CLANG_ENABLE_MODULES = YES;
				CODE_SIGN_STYLE = Automatic;
				CURRENT_PROJECT_VERSION = 1;
				DEFINES_MODULE = YES;
				DEVELOPMENT_TEAM = 7X3PHL6VGW;
				DYLIB_COMPATIBILITY_VERSION = 1;
				DYLIB_CURRENT_VERSION = 1;
				DYLIB_INSTALL_NAME_BASE = "@rpath";
				GENERATE_INFOPLIST_FILE = YES;
				INFOPLIST_KEY_NSHumanReadableCopyright = "";
				INSTALL_PATH = "$(LOCAL_LIBRARY_DIR)/Frameworks";
				LD_RUNPATH_SEARCH_PATHS = (
					"$(inherited)",
					"@executable_path/Frameworks",
					"@loader_path/Frameworks",
				);
				MARKETING_VERSION = 1.0;
				PRODUCT_BUNDLE_IDENTIFIER = com.luisgustavo.Storage;
				PRODUCT_NAME = "$(TARGET_NAME:c99extidentifier)";
				SKIP_INSTALL = YES;
				SWIFT_EMIT_LOC_STRINGS = YES;
				SWIFT_OPTIMIZATION_LEVEL = "-Onone";
				SWIFT_VERSION = 5.0;
				TARGETED_DEVICE_FAMILY = "1,2";
				VERSIONING_SYSTEM = "apple-generic";
				VERSION_INFO_PREFIX = "";
			};
			name = Debug;
		};
		6E1751F529C630E1009F26D3 /* Release */ = {
			isa = XCBuildConfiguration;
			buildSettings = {
				CLANG_ENABLE_MODULES = YES;
				CODE_SIGN_STYLE = Automatic;
				CURRENT_PROJECT_VERSION = 1;
				DEFINES_MODULE = YES;
				DEVELOPMENT_TEAM = 7X3PHL6VGW;
				DYLIB_COMPATIBILITY_VERSION = 1;
				DYLIB_CURRENT_VERSION = 1;
				DYLIB_INSTALL_NAME_BASE = "@rpath";
				GENERATE_INFOPLIST_FILE = YES;
				INFOPLIST_KEY_NSHumanReadableCopyright = "";
				INSTALL_PATH = "$(LOCAL_LIBRARY_DIR)/Frameworks";
				LD_RUNPATH_SEARCH_PATHS = (
					"$(inherited)",
					"@executable_path/Frameworks",
					"@loader_path/Frameworks",
				);
				MARKETING_VERSION = 1.0;
				PRODUCT_BUNDLE_IDENTIFIER = com.luisgustavo.Storage;
				PRODUCT_NAME = "$(TARGET_NAME:c99extidentifier)";
				SKIP_INSTALL = YES;
				SWIFT_EMIT_LOC_STRINGS = YES;
				SWIFT_VERSION = 5.0;
				TARGETED_DEVICE_FAMILY = "1,2";
				VERSIONING_SYSTEM = "apple-generic";
				VERSION_INFO_PREFIX = "";
			};
			name = Release;
		};
		6E2E6CB229C383E400ABFB8B /* Debug */ = {
			isa = XCBuildConfiguration;
			buildSettings = {
				ALWAYS_SEARCH_USER_PATHS = NO;
				CLANG_ANALYZER_NONNULL = YES;
				CLANG_ANALYZER_NUMBER_OBJECT_CONVERSION = YES_AGGRESSIVE;
				CLANG_CXX_LANGUAGE_STANDARD = "gnu++20";
				CLANG_ENABLE_MODULES = YES;
				CLANG_ENABLE_OBJC_ARC = YES;
				CLANG_ENABLE_OBJC_WEAK = YES;
				CLANG_WARN_BLOCK_CAPTURE_AUTORELEASING = YES;
				CLANG_WARN_BOOL_CONVERSION = YES;
				CLANG_WARN_COMMA = YES;
				CLANG_WARN_CONSTANT_CONVERSION = YES;
				CLANG_WARN_DEPRECATED_OBJC_IMPLEMENTATIONS = YES;
				CLANG_WARN_DIRECT_OBJC_ISA_USAGE = YES_ERROR;
				CLANG_WARN_DOCUMENTATION_COMMENTS = YES;
				CLANG_WARN_EMPTY_BODY = YES;
				CLANG_WARN_ENUM_CONVERSION = YES;
				CLANG_WARN_INFINITE_RECURSION = YES;
				CLANG_WARN_INT_CONVERSION = YES;
				CLANG_WARN_NON_LITERAL_NULL_CONVERSION = YES;
				CLANG_WARN_OBJC_IMPLICIT_RETAIN_SELF = YES;
				CLANG_WARN_OBJC_LITERAL_CONVERSION = YES;
				CLANG_WARN_OBJC_ROOT_CLASS = YES_ERROR;
				CLANG_WARN_QUOTED_INCLUDE_IN_FRAMEWORK_HEADER = YES;
				CLANG_WARN_RANGE_LOOP_ANALYSIS = YES;
				CLANG_WARN_STRICT_PROTOTYPES = YES;
				CLANG_WARN_SUSPICIOUS_MOVE = YES;
				CLANG_WARN_UNGUARDED_AVAILABILITY = YES_AGGRESSIVE;
				CLANG_WARN_UNREACHABLE_CODE = YES;
				CLANG_WARN__DUPLICATE_METHOD_MATCH = YES;
				COPY_PHASE_STRIP = NO;
				DEBUG_INFORMATION_FORMAT = dwarf;
				ENABLE_STRICT_OBJC_MSGSEND = YES;
				ENABLE_TESTABILITY = YES;
				GCC_C_LANGUAGE_STANDARD = gnu11;
				GCC_DYNAMIC_NO_PIC = NO;
				GCC_NO_COMMON_BLOCKS = YES;
				GCC_OPTIMIZATION_LEVEL = 0;
				GCC_PREPROCESSOR_DEFINITIONS = (
					"DEBUG=1",
					"$(inherited)",
				);
				GCC_WARN_64_TO_32_BIT_CONVERSION = YES;
				GCC_WARN_ABOUT_RETURN_TYPE = YES_ERROR;
				GCC_WARN_UNDECLARED_SELECTOR = YES;
				GCC_WARN_UNINITIALIZED_AUTOS = YES_AGGRESSIVE;
				GCC_WARN_UNUSED_FUNCTION = YES;
				GCC_WARN_UNUSED_VARIABLE = YES;
				IPHONEOS_DEPLOYMENT_TARGET = 16.1;
				MTL_ENABLE_DEBUG_INFO = INCLUDE_SOURCE;
				MTL_FAST_MATH = YES;
				ONLY_ACTIVE_ARCH = YES;
				SDKROOT = iphoneos;
				SWIFT_ACTIVE_COMPILATION_CONDITIONS = DEBUG;
				SWIFT_OPTIMIZATION_LEVEL = "-Onone";
			};
			name = Debug;
		};
		6E2E6CB329C383E400ABFB8B /* Release */ = {
			isa = XCBuildConfiguration;
			buildSettings = {
				ALWAYS_SEARCH_USER_PATHS = NO;
				CLANG_ANALYZER_NONNULL = YES;
				CLANG_ANALYZER_NUMBER_OBJECT_CONVERSION = YES_AGGRESSIVE;
				CLANG_CXX_LANGUAGE_STANDARD = "gnu++20";
				CLANG_ENABLE_MODULES = YES;
				CLANG_ENABLE_OBJC_ARC = YES;
				CLANG_ENABLE_OBJC_WEAK = YES;
				CLANG_WARN_BLOCK_CAPTURE_AUTORELEASING = YES;
				CLANG_WARN_BOOL_CONVERSION = YES;
				CLANG_WARN_COMMA = YES;
				CLANG_WARN_CONSTANT_CONVERSION = YES;
				CLANG_WARN_DEPRECATED_OBJC_IMPLEMENTATIONS = YES;
				CLANG_WARN_DIRECT_OBJC_ISA_USAGE = YES_ERROR;
				CLANG_WARN_DOCUMENTATION_COMMENTS = YES;
				CLANG_WARN_EMPTY_BODY = YES;
				CLANG_WARN_ENUM_CONVERSION = YES;
				CLANG_WARN_INFINITE_RECURSION = YES;
				CLANG_WARN_INT_CONVERSION = YES;
				CLANG_WARN_NON_LITERAL_NULL_CONVERSION = YES;
				CLANG_WARN_OBJC_IMPLICIT_RETAIN_SELF = YES;
				CLANG_WARN_OBJC_LITERAL_CONVERSION = YES;
				CLANG_WARN_OBJC_ROOT_CLASS = YES_ERROR;
				CLANG_WARN_QUOTED_INCLUDE_IN_FRAMEWORK_HEADER = YES;
				CLANG_WARN_RANGE_LOOP_ANALYSIS = YES;
				CLANG_WARN_STRICT_PROTOTYPES = YES;
				CLANG_WARN_SUSPICIOUS_MOVE = YES;
				CLANG_WARN_UNGUARDED_AVAILABILITY = YES_AGGRESSIVE;
				CLANG_WARN_UNREACHABLE_CODE = YES;
				CLANG_WARN__DUPLICATE_METHOD_MATCH = YES;
				COPY_PHASE_STRIP = NO;
				DEBUG_INFORMATION_FORMAT = "dwarf-with-dsym";
				ENABLE_NS_ASSERTIONS = NO;
				ENABLE_STRICT_OBJC_MSGSEND = YES;
				GCC_C_LANGUAGE_STANDARD = gnu11;
				GCC_NO_COMMON_BLOCKS = YES;
				GCC_WARN_64_TO_32_BIT_CONVERSION = YES;
				GCC_WARN_ABOUT_RETURN_TYPE = YES_ERROR;
				GCC_WARN_UNDECLARED_SELECTOR = YES;
				GCC_WARN_UNINITIALIZED_AUTOS = YES_AGGRESSIVE;
				GCC_WARN_UNUSED_FUNCTION = YES;
				GCC_WARN_UNUSED_VARIABLE = YES;
				IPHONEOS_DEPLOYMENT_TARGET = 16.1;
				MTL_ENABLE_DEBUG_INFO = NO;
				MTL_FAST_MATH = YES;
				SDKROOT = iphoneos;
				SWIFT_COMPILATION_MODE = wholemodule;
				SWIFT_OPTIMIZATION_LEVEL = "-O";
				VALIDATE_PRODUCT = YES;
			};
			name = Release;
		};
		6E2E6CB529C383E400ABFB8B /* Debug */ = {
			isa = XCBuildConfiguration;
			buildSettings = {
				ASSETCATALOG_COMPILER_APPICON_NAME = AppIcon;
				ASSETCATALOG_COMPILER_GLOBAL_ACCENT_COLOR_NAME = AccentColor;
				CODE_SIGN_STYLE = Automatic;
				CURRENT_PROJECT_VERSION = 1;
				DEVELOPMENT_TEAM = 7X3PHL6VGW;
				GENERATE_INFOPLIST_FILE = YES;
				INFOPLIST_FILE = MarvelApp/Core/Info.plist;
				INFOPLIST_KEY_UIApplicationSupportsIndirectInputEvents = YES;
				INFOPLIST_KEY_UILaunchStoryboardName = LaunchScreen;
				INFOPLIST_KEY_UISupportedInterfaceOrientations_iPad = "UIInterfaceOrientationPortrait UIInterfaceOrientationPortraitUpsideDown UIInterfaceOrientationLandscapeLeft UIInterfaceOrientationLandscapeRight";
				INFOPLIST_KEY_UISupportedInterfaceOrientations_iPhone = "UIInterfaceOrientationPortrait UIInterfaceOrientationLandscapeLeft UIInterfaceOrientationLandscapeRight";
				LD_RUNPATH_SEARCH_PATHS = (
					"$(inherited)",
					"@executable_path/Frameworks",
				);
				MARKETING_VERSION = 1.0;
				PRODUCT_BUNDLE_IDENTIFIER = com.luisgustavo.MarvelApp;
				PRODUCT_NAME = "$(TARGET_NAME)";
				SWIFT_EMIT_LOC_STRINGS = YES;
				SWIFT_VERSION = 5.0;
				TARGETED_DEVICE_FAMILY = "1,2";
			};
			name = Debug;
		};
		6E2E6CB629C383E400ABFB8B /* Release */ = {
			isa = XCBuildConfiguration;
			buildSettings = {
				ASSETCATALOG_COMPILER_APPICON_NAME = AppIcon;
				ASSETCATALOG_COMPILER_GLOBAL_ACCENT_COLOR_NAME = AccentColor;
				CODE_SIGN_STYLE = Automatic;
				CURRENT_PROJECT_VERSION = 1;
				DEVELOPMENT_TEAM = 7X3PHL6VGW;
				GENERATE_INFOPLIST_FILE = YES;
				INFOPLIST_FILE = MarvelApp/Core/Info.plist;
				INFOPLIST_KEY_UIApplicationSupportsIndirectInputEvents = YES;
				INFOPLIST_KEY_UILaunchStoryboardName = LaunchScreen;
				INFOPLIST_KEY_UISupportedInterfaceOrientations_iPad = "UIInterfaceOrientationPortrait UIInterfaceOrientationPortraitUpsideDown UIInterfaceOrientationLandscapeLeft UIInterfaceOrientationLandscapeRight";
				INFOPLIST_KEY_UISupportedInterfaceOrientations_iPhone = "UIInterfaceOrientationPortrait UIInterfaceOrientationLandscapeLeft UIInterfaceOrientationLandscapeRight";
				LD_RUNPATH_SEARCH_PATHS = (
					"$(inherited)",
					"@executable_path/Frameworks",
				);
				MARKETING_VERSION = 1.0;
				PRODUCT_BUNDLE_IDENTIFIER = com.luisgustavo.MarvelApp;
				PRODUCT_NAME = "$(TARGET_NAME)";
				SWIFT_EMIT_LOC_STRINGS = YES;
				SWIFT_VERSION = 5.0;
				TARGETED_DEVICE_FAMILY = "1,2";
			};
			name = Release;
		};
/* End XCBuildConfiguration section */

/* Begin XCConfigurationList section */
		6E1751F329C630E1009F26D3 /* Build configuration list for PBXNativeTarget "Storage" */ = {
			isa = XCConfigurationList;
			buildConfigurations = (
				6E1751F429C630E1009F26D3 /* Debug */,
				6E1751F529C630E1009F26D3 /* Release */,
			);
			defaultConfigurationIsVisible = 0;
			defaultConfigurationName = Release;
		};
		6E2E6C9B29C383E300ABFB8B /* Build configuration list for PBXProject "MarvelApp" */ = {
			isa = XCConfigurationList;
			buildConfigurations = (
				6E2E6CB229C383E400ABFB8B /* Debug */,
				6E2E6CB329C383E400ABFB8B /* Release */,
			);
			defaultConfigurationIsVisible = 0;
			defaultConfigurationName = Release;
		};
		6E2E6CB429C383E400ABFB8B /* Build configuration list for PBXNativeTarget "MarvelApp" */ = {
			isa = XCConfigurationList;
			buildConfigurations = (
				6E2E6CB529C383E400ABFB8B /* Debug */,
				6E2E6CB629C383E400ABFB8B /* Release */,
			);
			defaultConfigurationIsVisible = 0;
			defaultConfigurationName = Release;
		};
/* End XCConfigurationList section */

/* Begin XCRemoteSwiftPackageReference section */
		6E1751F629C63115009F26D3 /* XCRemoteSwiftPackageReference "SQLite.swift" */ = {
			isa = XCRemoteSwiftPackageReference;
			repositoryURL = "https://github.com/stephencelis/SQLite.swift.git";
			requirement = {
				branch = master;
				kind = branch;
			};
		};
/* End XCRemoteSwiftPackageReference section */

/* Begin XCSwiftPackageProductDependency section */
		6E1751F729C63115009F26D3 /* SQLite */ = {
			isa = XCSwiftPackageProductDependency;
			package = 6E1751F629C63115009F26D3 /* XCRemoteSwiftPackageReference "SQLite.swift" */;
			productName = SQLite;
		};
		6E2E6CBD29C390BC00ABFB8B /* Networking */ = {
			isa = XCSwiftPackageProductDependency;
			productName = Networking;
		};
		6E3769E229C45FAD0072B818 /* Service */ = {
			isa = XCSwiftPackageProductDependency;
			productName = Service;
		};
/* End XCSwiftPackageProductDependency section */
	};
	rootObject = 6E2E6C9829C383E300ABFB8B /* Project object */;
}
